// !$*UTF8*$!
{
	archiveVersion = 1;
	classes = {
	};
	objectVersion = 55;
	objects = {

/* Begin PBXBuildFile section */
		C91B6F8128614D0D009D3C7B /* ImageExt.swift in Sources */ = {isa = PBXBuildFile; fileRef = C91B6F8028614D0D009D3C7B /* ImageExt.swift */; };
		C91B6F82286152E0009D3C7B /* ImageExt.swift in Sources */ = {isa = PBXBuildFile; fileRef = C91B6F8028614D0D009D3C7B /* ImageExt.swift */; };
		C91B6F8428618956009D3C7B /* DoubleExt.swift in Sources */ = {isa = PBXBuildFile; fileRef = C91B6F8328618956009D3C7B /* DoubleExt.swift */; };
		C91B6F862861898D009D3C7B /* AnyExt.swift in Sources */ = {isa = PBXBuildFile; fileRef = C91B6F852861898D009D3C7B /* AnyExt.swift */; };
		C91B6F8728622A4C009D3C7B /* DoubleExt.swift in Sources */ = {isa = PBXBuildFile; fileRef = C91B6F8328618956009D3C7B /* DoubleExt.swift */; };
		C94D308F285DA249005443C8 /* LaunchScreenDebug.storyboard in Resources */ = {isa = PBXBuildFile; fileRef = C99143FC285D248300C59ADE /* LaunchScreenDebug.storyboard */; };
		C94D3090285DA24A005443C8 /* LaunchScreenDebug.storyboard in Resources */ = {isa = PBXBuildFile; fileRef = C99143FC285D248300C59ADE /* LaunchScreenDebug.storyboard */; };
		C94D3096285E4E4D005443C8 /* MainViewController.swift in Sources */ = {isa = PBXBuildFile; fileRef = C94D3095285E4E4D005443C8 /* MainViewController.swift */; };
		C94D3097285E4E4D005443C8 /* MainViewController.swift in Sources */ = {isa = PBXBuildFile; fileRef = C94D3095285E4E4D005443C8 /* MainViewController.swift */; };
		C94D309A285E519A005443C8 /* TabBarExt.swift in Sources */ = {isa = PBXBuildFile; fileRef = C94D3099285E519A005443C8 /* TabBarExt.swift */; };
		C94D309B285E519A005443C8 /* TabBarExt.swift in Sources */ = {isa = PBXBuildFile; fileRef = C94D3099285E519A005443C8 /* TabBarExt.swift */; };
		C94D309F285E51CA005443C8 /* StringExt.swift in Sources */ = {isa = PBXBuildFile; fileRef = C94D309E285E51CA005443C8 /* StringExt.swift */; };
		C94D30A0285E51CA005443C8 /* StringExt.swift in Sources */ = {isa = PBXBuildFile; fileRef = C94D309E285E51CA005443C8 /* StringExt.swift */; };
		C9914402285D576300C59ADE /* AppDelegate.swift in Sources */ = {isa = PBXBuildFile; fileRef = C9F03716285C4CA90063B355 /* AppDelegate.swift */; };
		C9914403285D576300C59ADE /* SceneDelegate.swift in Sources */ = {isa = PBXBuildFile; fileRef = C9F03718285C4CA90063B355 /* SceneDelegate.swift */; };
		C9914404285D576300C59ADE /* expense_management.xcdatamodeld in Sources */ = {isa = PBXBuildFile; fileRef = C9F0371F285C4CA90063B355 /* expense_management.xcdatamodeld */; };
		C9914407285D576300C59ADE /* LaunchScreen.storyboard in Resources */ = {isa = PBXBuildFile; fileRef = C9F03724285C4CB40063B355 /* LaunchScreen.storyboard */; };
		C9914408285D576300C59ADE /* Localizable.strings in Resources */ = {isa = PBXBuildFile; fileRef = C9F03734285CF3930063B355 /* Localizable.strings */; };
		C991440A285D576300C59ADE /* Main.storyboard in Resources */ = {isa = PBXBuildFile; fileRef = C9F0371C285C4CA90063B355 /* Main.storyboard */; };
		C991440B285D576300C59ADE /* Assets.xcassets in Resources */ = {isa = PBXBuildFile; fileRef = C9F03722285C4CB40063B355 /* Assets.xcassets */; };
		C9914412285D96E600C59ADE /* Release.xcconfig in Resources */ = {isa = PBXBuildFile; fileRef = C9914411285D96E500C59ADE /* Release.xcconfig */; };
		C9914413285D96E600C59ADE /* Release.xcconfig in Resources */ = {isa = PBXBuildFile; fileRef = C9914411285D96E500C59ADE /* Release.xcconfig */; };
		C99EC1A9285FC6990071E7A4 /* ExpenseViewController.swift in Sources */ = {isa = PBXBuildFile; fileRef = C99EC1A8285FC6990071E7A4 /* ExpenseViewController.swift */; };
		C99EC1AA285FC6990071E7A4 /* ExpenseViewController.swift in Sources */ = {isa = PBXBuildFile; fileRef = C99EC1A8285FC6990071E7A4 /* ExpenseViewController.swift */; };
		C99EC1B0285FD9A30071E7A4 /* ConfigurationViewController.swift in Sources */ = {isa = PBXBuildFile; fileRef = C99EC1AF285FD9A30071E7A4 /* ConfigurationViewController.swift */; };
		C99EC1B1285FD9A30071E7A4 /* ConfigurationViewController.swift in Sources */ = {isa = PBXBuildFile; fileRef = C99EC1AF285FD9A30071E7A4 /* ConfigurationViewController.swift */; };
		C99EC1B6285FDB100071E7A4 /* Configuration.storyboard in Resources */ = {isa = PBXBuildFile; fileRef = C99EC1B5285FDB100071E7A4 /* Configuration.storyboard */; };
		C99EC1B7285FDB100071E7A4 /* Configuration.storyboard in Resources */ = {isa = PBXBuildFile; fileRef = C99EC1B5285FDB100071E7A4 /* Configuration.storyboard */; };
		C99EC1B9286034C90071E7A4 /* Expense.storyboard in Resources */ = {isa = PBXBuildFile; fileRef = C99EC1B8286034C90071E7A4 /* Expense.storyboard */; };
		C99EC1BA286034C90071E7A4 /* Expense.storyboard in Resources */ = {isa = PBXBuildFile; fileRef = C99EC1B8286034C90071E7A4 /* Expense.storyboard */; };
		C99EC1BC286035400071E7A4 /* Resume.storyboard in Resources */ = {isa = PBXBuildFile; fileRef = C99EC1BB286035400071E7A4 /* Resume.storyboard */; };
		C99EC1BD286035400071E7A4 /* Resume.storyboard in Resources */ = {isa = PBXBuildFile; fileRef = C99EC1BB286035400071E7A4 /* Resume.storyboard */; };
		C99EC1BF286035550071E7A4 /* ResumeViewController.swift in Sources */ = {isa = PBXBuildFile; fileRef = C99EC1BE286035550071E7A4 /* ResumeViewController.swift */; };
		C99EC1C0286035550071E7A4 /* ResumeViewController.swift in Sources */ = {isa = PBXBuildFile; fileRef = C99EC1BE286035550071E7A4 /* ResumeViewController.swift */; };
		C99EC1C828613C7C0071E7A4 /* ExpenseTableViewCell.swift in Sources */ = {isa = PBXBuildFile; fileRef = C99EC1C728613C7C0071E7A4 /* ExpenseTableViewCell.swift */; };
		C99EC1C928613C7C0071E7A4 /* ExpenseTableViewCell.swift in Sources */ = {isa = PBXBuildFile; fileRef = C99EC1C728613C7C0071E7A4 /* ExpenseTableViewCell.swift */; };
		C9F03717285C4CA90063B355 /* AppDelegate.swift in Sources */ = {isa = PBXBuildFile; fileRef = C9F03716285C4CA90063B355 /* AppDelegate.swift */; };
		C9F03719285C4CA90063B355 /* SceneDelegate.swift in Sources */ = {isa = PBXBuildFile; fileRef = C9F03718285C4CA90063B355 /* SceneDelegate.swift */; };
		C9F0371E285C4CA90063B355 /* Main.storyboard in Resources */ = {isa = PBXBuildFile; fileRef = C9F0371C285C4CA90063B355 /* Main.storyboard */; };
		C9F03721285C4CA90063B355 /* expense_management.xcdatamodeld in Sources */ = {isa = PBXBuildFile; fileRef = C9F0371F285C4CA90063B355 /* expense_management.xcdatamodeld */; };
		C9F03726285C4CB40063B355 /* LaunchScreen.storyboard in Resources */ = {isa = PBXBuildFile; fileRef = C9F03724285C4CB40063B355 /* LaunchScreen.storyboard */; };
		C9F03732285CF3930063B355 /* Localizable.strings in Resources */ = {isa = PBXBuildFile; fileRef = C9F03734285CF3930063B355 /* Localizable.strings */; };
		C9F03757285D1B9F0063B355 /* Assets.xcassets in Resources */ = {isa = PBXBuildFile; fileRef = C9F03722285C4CB40063B355 /* Assets.xcassets */; };
		C9F0F8C02863A2A1001C2582 /* RegisterExpenseViewController.swift in Sources */ = {isa = PBXBuildFile; fileRef = C9F0F8BF2863A2A0001C2582 /* RegisterExpenseViewController.swift */; };
		C9F0F8C12863A2A1001C2582 /* RegisterExpenseViewController.swift in Sources */ = {isa = PBXBuildFile; fileRef = C9F0F8BF2863A2A0001C2582 /* RegisterExpenseViewController.swift */; };
		C9F0F8C32863A2F0001C2582 /* DetailsExpenseViewController.swift in Sources */ = {isa = PBXBuildFile; fileRef = C9F0F8C22863A2F0001C2582 /* DetailsExpenseViewController.swift */; };
		C9F0F8C42863A2F0001C2582 /* DetailsExpenseViewController.swift in Sources */ = {isa = PBXBuildFile; fileRef = C9F0F8C22863A2F0001C2582 /* DetailsExpenseViewController.swift */; };
		C9F0F8C62863A337001C2582 /* RegisterStatesTableViewController.swift in Sources */ = {isa = PBXBuildFile; fileRef = C9F0F8C52863A337001C2582 /* RegisterStatesTableViewController.swift */; };
		C9F0F8C72863A337001C2582 /* RegisterStatesTableViewController.swift in Sources */ = {isa = PBXBuildFile; fileRef = C9F0F8C52863A337001C2582 /* RegisterStatesTableViewController.swift */; };
		C9F0F8C92863A373001C2582 /* StateTableViewCell.swift in Sources */ = {isa = PBXBuildFile; fileRef = C9F0F8C82863A373001C2582 /* StateTableViewCell.swift */; };
		C9F0F8CA2863A373001C2582 /* StateTableViewCell.swift in Sources */ = {isa = PBXBuildFile; fileRef = C9F0F8C82863A373001C2582 /* StateTableViewCell.swift */; };
/* End PBXBuildFile section */

/* Begin PBXFileReference section */
		C91B6F8028614D0D009D3C7B /* ImageExt.swift */ = {isa = PBXFileReference; lastKnownFileType = sourcecode.swift; path = ImageExt.swift; sourceTree = "<group>"; };
		C91B6F8328618956009D3C7B /* DoubleExt.swift */ = {isa = PBXFileReference; lastKnownFileType = sourcecode.swift; path = DoubleExt.swift; sourceTree = "<group>"; };
		C91B6F852861898D009D3C7B /* AnyExt.swift */ = {isa = PBXFileReference; lastKnownFileType = sourcecode.swift; path = AnyExt.swift; sourceTree = "<group>"; };
		C94D3095285E4E4D005443C8 /* MainViewController.swift */ = {isa = PBXFileReference; lastKnownFileType = sourcecode.swift; path = MainViewController.swift; sourceTree = "<group>"; };
		C94D3099285E519A005443C8 /* TabBarExt.swift */ = {isa = PBXFileReference; lastKnownFileType = sourcecode.swift; path = TabBarExt.swift; sourceTree = "<group>"; };
		C94D309E285E51CA005443C8 /* StringExt.swift */ = {isa = PBXFileReference; lastKnownFileType = sourcecode.swift; path = StringExt.swift; sourceTree = "<group>"; };
		C99143FC285D248300C59ADE /* LaunchScreenDebug.storyboard */ = {isa = PBXFileReference; lastKnownFileType = file.storyboard; path = LaunchScreenDebug.storyboard; sourceTree = "<group>"; };
		C9914411285D96E500C59ADE /* Release.xcconfig */ = {isa = PBXFileReference; lastKnownFileType = text.xcconfig; path = Release.xcconfig; sourceTree = "<group>"; };
		C9914414285D96FE00C59ADE /* Debug.xcconfig */ = {isa = PBXFileReference; lastKnownFileType = text.xcconfig; path = Debug.xcconfig; sourceTree = "<group>"; };
		C9914415285D9A1400C59ADE /* Release.app */ = {isa = PBXFileReference; explicitFileType = wrapper.application; includeInIndex = 0; path = Release.app; sourceTree = BUILT_PRODUCTS_DIR; };
		C9914416285D9A1E00C59ADE /* Debug.app */ = {isa = PBXFileReference; explicitFileType = wrapper.application; includeInIndex = 0; path = Debug.app; sourceTree = BUILT_PRODUCTS_DIR; };
		C99EC1A8285FC6990071E7A4 /* ExpenseViewController.swift */ = {isa = PBXFileReference; lastKnownFileType = sourcecode.swift; path = ExpenseViewController.swift; sourceTree = "<group>"; };
		C99EC1AF285FD9A30071E7A4 /* ConfigurationViewController.swift */ = {isa = PBXFileReference; lastKnownFileType = sourcecode.swift; path = ConfigurationViewController.swift; sourceTree = "<group>"; };
		C99EC1B5285FDB100071E7A4 /* Configuration.storyboard */ = {isa = PBXFileReference; fileEncoding = 4; lastKnownFileType = file.storyboard; path = Configuration.storyboard; sourceTree = "<group>"; };
		C99EC1B8286034C90071E7A4 /* Expense.storyboard */ = {isa = PBXFileReference; fileEncoding = 4; lastKnownFileType = file.storyboard; path = Expense.storyboard; sourceTree = "<group>"; };
		C99EC1BB286035400071E7A4 /* Resume.storyboard */ = {isa = PBXFileReference; fileEncoding = 4; lastKnownFileType = file.storyboard; path = Resume.storyboard; sourceTree = "<group>"; };
		C99EC1BE286035550071E7A4 /* ResumeViewController.swift */ = {isa = PBXFileReference; fileEncoding = 4; lastKnownFileType = sourcecode.swift; path = ResumeViewController.swift; sourceTree = "<group>"; };
		C99EC1C728613C7C0071E7A4 /* ExpenseTableViewCell.swift */ = {isa = PBXFileReference; lastKnownFileType = sourcecode.swift; path = ExpenseTableViewCell.swift; sourceTree = "<group>"; };
		C9F03716285C4CA90063B355 /* AppDelegate.swift */ = {isa = PBXFileReference; lastKnownFileType = sourcecode.swift; path = AppDelegate.swift; sourceTree = "<group>"; };
		C9F03718285C4CA90063B355 /* SceneDelegate.swift */ = {isa = PBXFileReference; lastKnownFileType = sourcecode.swift; path = SceneDelegate.swift; sourceTree = "<group>"; };
		C9F0371D285C4CA90063B355 /* Base */ = {isa = PBXFileReference; lastKnownFileType = file.storyboard; name = Base; path = Base.lproj/Main.storyboard; sourceTree = "<group>"; };
		C9F03720285C4CA90063B355 /* expense_management.xcdatamodel */ = {isa = PBXFileReference; lastKnownFileType = wrapper.xcdatamodel; path = expense_management.xcdatamodel; sourceTree = "<group>"; };
		C9F03722285C4CB40063B355 /* Assets.xcassets */ = {isa = PBXFileReference; lastKnownFileType = folder.assetcatalog; path = Assets.xcassets; sourceTree = "<group>"; };
		C9F03725285C4CB40063B355 /* Base */ = {isa = PBXFileReference; lastKnownFileType = file.storyboard; name = Base; path = Base.lproj/LaunchScreen.storyboard; sourceTree = "<group>"; };
		C9F0372D285C4DAD0063B355 /* README.md */ = {isa = PBXFileReference; lastKnownFileType = net.daringfireball.markdown; path = README.md; sourceTree = "<group>"; };
		C9F03733285CF3930063B355 /* en */ = {isa = PBXFileReference; lastKnownFileType = text.plist.strings; name = en; path = en.lproj/Localizable.strings; sourceTree = "<group>"; };
		C9F0373B285CF6EE0063B355 /* pt-BR */ = {isa = PBXFileReference; lastKnownFileType = text.plist.strings; name = "pt-BR"; path = "pt-BR.lproj/Localizable.strings"; sourceTree = "<group>"; };
		C9F0373F285D004C0063B355 /* Info.plist */ = {isa = PBXFileReference; fileEncoding = 4; lastKnownFileType = text.plist.xml; path = Info.plist; sourceTree = "<group>"; };
		C9F0F8BF2863A2A0001C2582 /* RegisterExpenseViewController.swift */ = {isa = PBXFileReference; lastKnownFileType = sourcecode.swift; path = RegisterExpenseViewController.swift; sourceTree = "<group>"; };
		C9F0F8C22863A2F0001C2582 /* DetailsExpenseViewController.swift */ = {isa = PBXFileReference; lastKnownFileType = sourcecode.swift; path = DetailsExpenseViewController.swift; sourceTree = "<group>"; };
		C9F0F8C52863A337001C2582 /* RegisterStatesTableViewController.swift */ = {isa = PBXFileReference; lastKnownFileType = sourcecode.swift; path = RegisterStatesTableViewController.swift; sourceTree = "<group>"; };
		C9F0F8C82863A373001C2582 /* StateTableViewCell.swift */ = {isa = PBXFileReference; lastKnownFileType = sourcecode.swift; path = StateTableViewCell.swift; sourceTree = "<group>"; };
/* End PBXFileReference section */

/* Begin PBXFrameworksBuildPhase section */
		C9914405285D576300C59ADE /* Frameworks */ = {
			isa = PBXFrameworksBuildPhase;
			buildActionMask = 2147483647;
			files = (
			);
			runOnlyForDeploymentPostprocessing = 0;
		};
		C9F03710285C4CA90063B355 /* Frameworks */ = {
			isa = PBXFrameworksBuildPhase;
			buildActionMask = 2147483647;
			files = (
			);
			runOnlyForDeploymentPostprocessing = 0;
		};
/* End PBXFrameworksBuildPhase section */

/* Begin PBXGroup section */
		C94D3098285E5176005443C8 /* Extentions */ = {
			isa = PBXGroup;
			children = (
				C94D309D285E51AC005443C8 /* Vars */,
				C94D309C285E51A4005443C8 /* View */,
			);
			path = Extentions;
			sourceTree = "<group>";
		};
		C94D309C285E51A4005443C8 /* View */ = {
			isa = PBXGroup;
			children = (
				C94D3099285E519A005443C8 /* TabBarExt.swift */,
				C91B6F8028614D0D009D3C7B /* ImageExt.swift */,
			);
			path = View;
			sourceTree = "<group>";
		};
		C94D309D285E51AC005443C8 /* Vars */ = {
			isa = PBXGroup;
			children = (
				C94D309E285E51CA005443C8 /* StringExt.swift */,
				C91B6F8328618956009D3C7B /* DoubleExt.swift */,
				C91B6F852861898D009D3C7B /* AnyExt.swift */,
			);
			path = Vars;
			sourceTree = "<group>";
		};
		C99EC1A3285FC0B10071E7A4 /* Expense */ = {
			isa = PBXGroup;
			children = (
				C99EC1C528613C090071E7A4 /* View */,
				C99EC1C628613C110071E7A4 /* Controller */,
				C99EC1C428613BF70071E7A4 /* Model */,
			);
			path = Expense;
			sourceTree = "<group>";
		};
		C99EC1A4285FC0CB0071E7A4 /* Configurations */ = {
			isa = PBXGroup;
			children = (
				C99EC1B5285FDB100071E7A4 /* Configuration.storyboard */,
				C99EC1AF285FD9A30071E7A4 /* ConfigurationViewController.swift */,
			);
			path = Configurations;
			sourceTree = "<group>";
		};
		C99EC1A5285FC0DC0071E7A4 /* Resume */ = {
			isa = PBXGroup;
			children = (
				C99EC1BB286035400071E7A4 /* Resume.storyboard */,
				C99EC1BE286035550071E7A4 /* ResumeViewController.swift */,
			);
			path = Resume;
			sourceTree = "<group>";
		};
		C99EC1C428613BF70071E7A4 /* Model */ = {
			isa = PBXGroup;
			children = (
			);
			path = Model;
			sourceTree = "<group>";
		};
		C99EC1C528613C090071E7A4 /* View */ = {
			isa = PBXGroup;
			children = (
				C99EC1B8286034C90071E7A4 /* Expense.storyboard */,
			);
			path = View;
			sourceTree = "<group>";
		};
		C99EC1C628613C110071E7A4 /* Controller */ = {
			isa = PBXGroup;
			children = (
				C9F0F8BE2863A259001C2582 /* List */,
				C99EC1A8285FC6990071E7A4 /* ExpenseViewController.swift */,
				C9F0F8BF2863A2A0001C2582 /* RegisterExpenseViewController.swift */,
				C9F0F8C22863A2F0001C2582 /* DetailsExpenseViewController.swift */,
				C9F0F8C52863A337001C2582 /* RegisterStatesTableViewController.swift */,
			);
			path = Controller;
			sourceTree = "<group>";
		};
		C9F0370A285C4CA90063B355 = {
			isa = PBXGroup;
			children = (
				C9F0372D285C4DAD0063B355 /* README.md */,
				C9F03715285C4CA90063B355 /* expense management */,
				C9914415285D9A1400C59ADE /* Release.app */,
				C9914416285D9A1E00C59ADE /* Debug.app */,
			);
			sourceTree = "<group>";
		};
		C9F03715285C4CA90063B355 /* expense management */ = {
			isa = PBXGroup;
			children = (
				C9F0372F285C4E270063B355 /* Main */,
				C9F0372E285C4DEB0063B355 /* Core */,
				C9F03722285C4CB40063B355 /* Assets.xcassets */,
				C9F03734285CF3930063B355 /* Localizable.strings */,
				C9F0373F285D004C0063B355 /* Info.plist */,
			);
			path = "expense management";
			sourceTree = "<group>";
		};
		C9F0372E285C4DEB0063B355 /* Core */ = {
			isa = PBXGroup;
			children = (
				C94D3098285E5176005443C8 /* Extentions */,
				C9F0371F285C4CA90063B355 /* expense_management.xcdatamodeld */,
				C9914411285D96E500C59ADE /* Release.xcconfig */,
				C9914414285D96FE00C59ADE /* Debug.xcconfig */,
			);
			path = Core;
			sourceTree = "<group>";
		};
		C9F0372F285C4E270063B355 /* Main */ = {
			isa = PBXGroup;
			children = (
				C99EC1A5285FC0DC0071E7A4 /* Resume */,
				C99EC1A4285FC0CB0071E7A4 /* Configurations */,
				C99EC1A3285FC0B10071E7A4 /* Expense */,
				C9F0371C285C4CA90063B355 /* Main.storyboard */,
				C9F03724285C4CB40063B355 /* LaunchScreen.storyboard */,
				C99143FC285D248300C59ADE /* LaunchScreenDebug.storyboard */,
				C9F03716285C4CA90063B355 /* AppDelegate.swift */,
				C9F03718285C4CA90063B355 /* SceneDelegate.swift */,
				C94D3095285E4E4D005443C8 /* MainViewController.swift */,
			);
			path = Main;
			sourceTree = "<group>";
		};
		C9F0F8BE2863A259001C2582 /* List */ = {
			isa = PBXGroup;
			children = (
				C99EC1C728613C7C0071E7A4 /* ExpenseTableViewCell.swift */,
				C9F0F8C82863A373001C2582 /* StateTableViewCell.swift */,
			);
			path = List;
			sourceTree = "<group>";
		};
/* End PBXGroup section */

/* Begin PBXNativeTarget section */
		C99143FF285D576300C59ADE /* Debug */ = {
			isa = PBXNativeTarget;
			buildConfigurationList = C991440C285D576300C59ADE /* Build configuration list for PBXNativeTarget "Debug" */;
			buildPhases = (
				C9914400285D576300C59ADE /* Sources */,
				C9914405285D576300C59ADE /* Frameworks */,
				C9914406285D576300C59ADE /* Resources */,
			);
			buildRules = (
			);
			dependencies = (
			);
			name = Debug;
			productName = "expense management";
			productReference = C9914416285D9A1E00C59ADE /* Debug.app */;
			productType = "com.apple.product-type.application";
		};
		C9F03712285C4CA90063B355 /* Release */ = {
			isa = PBXNativeTarget;
			buildConfigurationList = C9F0372A285C4CB40063B355 /* Build configuration list for PBXNativeTarget "Release" */;
			buildPhases = (
				C9F0370F285C4CA90063B355 /* Sources */,
				C9F03710285C4CA90063B355 /* Frameworks */,
				C9F03711285C4CA90063B355 /* Resources */,
			);
			buildRules = (
			);
			dependencies = (
			);
			name = Release;
			productName = "expense management";
			productReference = C9914415285D9A1400C59ADE /* Release.app */;
			productType = "com.apple.product-type.application";
		};
/* End PBXNativeTarget section */

/* Begin PBXProject section */
		C9F0370B285C4CA90063B355 /* Project object */ = {
			isa = PBXProject;
			attributes = {
				BuildIndependentTargetsInParallel = 1;
				LastSwiftUpdateCheck = 1340;
				LastUpgradeCheck = 1340;
				TargetAttributes = {
					C9F03712285C4CA90063B355 = {
						CreatedOnToolsVersion = 13.4.1;
					};
				};
			};
			buildConfigurationList = C9F0370E285C4CA90063B355 /* Build configuration list for PBXProject "expense management" */;
			compatibilityVersion = "Xcode 13.0";
			developmentRegion = en;
			hasScannedForEncodings = 0;
			knownRegions = (
				en,
				Base,
				"pt-BR",
			);
			mainGroup = C9F0370A285C4CA90063B355;
			productRefGroup = C9F0370A285C4CA90063B355;
			projectDirPath = "";
			projectRoot = "";
			targets = (
				C9F03712285C4CA90063B355 /* Release */,
				C99143FF285D576300C59ADE /* Debug */,
			);
		};
/* End PBXProject section */

/* Begin PBXResourcesBuildPhase section */
		C9914406285D576300C59ADE /* Resources */ = {
			isa = PBXResourcesBuildPhase;
			buildActionMask = 2147483647;
			files = (
				C9914407285D576300C59ADE /* LaunchScreen.storyboard in Resources */,
				C99EC1BA286034C90071E7A4 /* Expense.storyboard in Resources */,
				C9914408285D576300C59ADE /* Localizable.strings in Resources */,
				C99EC1B7285FDB100071E7A4 /* Configuration.storyboard in Resources */,
				C9914413285D96E600C59ADE /* Release.xcconfig in Resources */,
				C94D3090285DA24A005443C8 /* LaunchScreenDebug.storyboard in Resources */,
				C99EC1BD286035400071E7A4 /* Resume.storyboard in Resources */,
				C991440A285D576300C59ADE /* Main.storyboard in Resources */,
				C991440B285D576300C59ADE /* Assets.xcassets in Resources */,
			);
			runOnlyForDeploymentPostprocessing = 0;
		};
		C9F03711285C4CA90063B355 /* Resources */ = {
			isa = PBXResourcesBuildPhase;
			buildActionMask = 2147483647;
			files = (
				C9F03726285C4CB40063B355 /* LaunchScreen.storyboard in Resources */,
				C99EC1B9286034C90071E7A4 /* Expense.storyboard in Resources */,
				C9F03732285CF3930063B355 /* Localizable.strings in Resources */,
				C9914412285D96E600C59ADE /* Release.xcconfig in Resources */,
				C94D308F285DA249005443C8 /* LaunchScreenDebug.storyboard in Resources */,
				C9F0371E285C4CA90063B355 /* Main.storyboard in Resources */,
				C99EC1BC286035400071E7A4 /* Resume.storyboard in Resources */,
				C9F03757285D1B9F0063B355 /* Assets.xcassets in Resources */,
				C99EC1B6285FDB100071E7A4 /* Configuration.storyboard in Resources */,
			);
			runOnlyForDeploymentPostprocessing = 0;
		};
/* End PBXResourcesBuildPhase section */

/* Begin PBXSourcesBuildPhase section */
		C9914400285D576300C59ADE /* Sources */ = {
			isa = PBXSourcesBuildPhase;
			buildActionMask = 2147483647;
			files = (
				C99EC1C928613C7C0071E7A4 /* ExpenseTableViewCell.swift in Sources */,
				C99EC1C0286035550071E7A4 /* ResumeViewController.swift in Sources */,
				C9F0F8C42863A2F0001C2582 /* DetailsExpenseViewController.swift in Sources */,
				C99EC1AA285FC6990071E7A4 /* ExpenseViewController.swift in Sources */,
				C99EC1B1285FD9A30071E7A4 /* ConfigurationViewController.swift in Sources */,
				C9914402285D576300C59ADE /* AppDelegate.swift in Sources */,
				C9914403285D576300C59ADE /* SceneDelegate.swift in Sources */,
				C9F0F8CA2863A373001C2582 /* StateTableViewCell.swift in Sources */,
				C9F0F8C72863A337001C2582 /* RegisterStatesTableViewController.swift in Sources */,
				C9914404285D576300C59ADE /* expense_management.xcdatamodeld in Sources */,
				C94D3097285E4E4D005443C8 /* MainViewController.swift in Sources */,
				C91B6F82286152E0009D3C7B /* ImageExt.swift in Sources */,
				C9F0F8C12863A2A1001C2582 /* RegisterExpenseViewController.swift in Sources */,
				C94D30A0285E51CA005443C8 /* StringExt.swift in Sources */,
				C91B6F8728622A4C009D3C7B /* DoubleExt.swift in Sources */,
				C94D309B285E519A005443C8 /* TabBarExt.swift in Sources */,
			);
			runOnlyForDeploymentPostprocessing = 0;
		};
		C9F0370F285C4CA90063B355 /* Sources */ = {
			isa = PBXSourcesBuildPhase;
			buildActionMask = 2147483647;
			files = (
				C9F0F8C92863A373001C2582 /* StateTableViewCell.swift in Sources */,
				C99EC1C828613C7C0071E7A4 /* ExpenseTableViewCell.swift in Sources */,
				C99EC1BF286035550071E7A4 /* ResumeViewController.swift in Sources */,
				C9F0F8C62863A337001C2582 /* RegisterStatesTableViewController.swift in Sources */,
				C9F0F8C02863A2A1001C2582 /* RegisterExpenseViewController.swift in Sources */,
				C99EC1A9285FC6990071E7A4 /* ExpenseViewController.swift in Sources */,
				C91B6F862861898D009D3C7B /* AnyExt.swift in Sources */,
				C99EC1B0285FD9A30071E7A4 /* ConfigurationViewController.swift in Sources */,
				C9F03717285C4CA90063B355 /* AppDelegate.swift in Sources */,
				C9F0F8C32863A2F0001C2582 /* DetailsExpenseViewController.swift in Sources */,
				C9F03719285C4CA90063B355 /* SceneDelegate.swift in Sources */,
				C9F03721285C4CA90063B355 /* expense_management.xcdatamodeld in Sources */,
				C94D3096285E4E4D005443C8 /* MainViewController.swift in Sources */,
				C91B6F8128614D0D009D3C7B /* ImageExt.swift in Sources */,
				C94D309F285E51CA005443C8 /* StringExt.swift in Sources */,
				C91B6F8428618956009D3C7B /* DoubleExt.swift in Sources */,
				C94D309A285E519A005443C8 /* TabBarExt.swift in Sources */,
			);
			runOnlyForDeploymentPostprocessing = 0;
		};
/* End PBXSourcesBuildPhase section */

/* Begin PBXVariantGroup section */
		C9F0371C285C4CA90063B355 /* Main.storyboard */ = {
			isa = PBXVariantGroup;
			children = (
				C9F0371D285C4CA90063B355 /* Base */,
			);
			name = Main.storyboard;
			sourceTree = "<group>";
		};
		C9F03724285C4CB40063B355 /* LaunchScreen.storyboard */ = {
			isa = PBXVariantGroup;
			children = (
				C9F03725285C4CB40063B355 /* Base */,
			);
			name = LaunchScreen.storyboard;
			sourceTree = "<group>";
		};
		C9F03734285CF3930063B355 /* Localizable.strings */ = {
			isa = PBXVariantGroup;
			children = (
				C9F03733285CF3930063B355 /* en */,
				C9F0373B285CF6EE0063B355 /* pt-BR */,
			);
			name = Localizable.strings;
			sourceTree = "<group>";
		};
/* End PBXVariantGroup section */

/* Begin XCBuildConfiguration section */
		C991440D285D576300C59ADE /* Debug */ = {
			isa = XCBuildConfiguration;
			buildSettings = {
				ASSETCATALOG_COMPILER_APPICON_NAME = AppIconDebug;
				ASSETCATALOG_COMPILER_GLOBAL_ACCENT_COLOR_NAME = AccentColor;
				CODE_SIGN_STYLE = Automatic;
				CURRENT_PROJECT_VERSION = 1;
				GENERATE_INFOPLIST_FILE = YES;
				INFOPLIST_FILE = "expense management/Info.plist";
				INFOPLIST_KEY_CFBundleDisplayName = "${APP_NAME}";
				INFOPLIST_KEY_UIApplicationSupportsIndirectInputEvents = YES;
				INFOPLIST_KEY_UILaunchStoryboardName = LaunchScreenDebug;
				INFOPLIST_KEY_UIMainStoryboardFile = Main;
				INFOPLIST_KEY_UISupportedInterfaceOrientations_iPad = "UIInterfaceOrientationPortrait UIInterfaceOrientationPortraitUpsideDown UIInterfaceOrientationLandscapeLeft UIInterfaceOrientationLandscapeRight";
				INFOPLIST_KEY_UISupportedInterfaceOrientations_iPhone = "UIInterfaceOrientationPortrait UIInterfaceOrientationLandscapeLeft UIInterfaceOrientationLandscapeRight";
				LD_RUNPATH_SEARCH_PATHS = (
					"$(inherited)",
					"@executable_path/Frameworks",
				);
				MARKETING_VERSION = 1.0;
				PRODUCT_BUNDLE_IDENTIFIER = "com.quanticheart.expense-management.debug";
				PRODUCT_NAME = "$(TARGET_NAME)";
				SWIFT_EMIT_LOC_STRINGS = YES;
				SWIFT_VERSION = 5.0;
				TARGETED_DEVICE_FAMILY = "1,2";
			};
			name = Debug;
		};
		C991440E285D576300C59ADE /* Release */ = {
			isa = XCBuildConfiguration;
			buildSettings = {
				ASSETCATALOG_COMPILER_APPICON_NAME = AppIconDebug;
				ASSETCATALOG_COMPILER_GLOBAL_ACCENT_COLOR_NAME = AccentColor;
				CODE_SIGN_STYLE = Automatic;
				CURRENT_PROJECT_VERSION = 1;
				GENERATE_INFOPLIST_FILE = YES;
				INFOPLIST_FILE = "expense management/Info.plist";
				INFOPLIST_KEY_CFBundleDisplayName = "${APP_NAME}";
				INFOPLIST_KEY_UIApplicationSupportsIndirectInputEvents = YES;
				INFOPLIST_KEY_UILaunchStoryboardName = LaunchScreenDebug;
				INFOPLIST_KEY_UIMainStoryboardFile = Main;
				INFOPLIST_KEY_UISupportedInterfaceOrientations_iPad = "UIInterfaceOrientationPortrait UIInterfaceOrientationPortraitUpsideDown UIInterfaceOrientationLandscapeLeft UIInterfaceOrientationLandscapeRight";
				INFOPLIST_KEY_UISupportedInterfaceOrientations_iPhone = "UIInterfaceOrientationPortrait UIInterfaceOrientationLandscapeLeft UIInterfaceOrientationLandscapeRight";
				LD_RUNPATH_SEARCH_PATHS = (
					"$(inherited)",
					"@executable_path/Frameworks",
				);
				MARKETING_VERSION = 1.0;
				PRODUCT_BUNDLE_IDENTIFIER = "com.quanticheart.expense-management.debug";
				PRODUCT_NAME = "$(TARGET_NAME)";
				SWIFT_EMIT_LOC_STRINGS = YES;
				SWIFT_VERSION = 5.0;
				TARGETED_DEVICE_FAMILY = "1,2";
			};
			name = Release;
		};
		C9F03728285C4CB40063B355 /* Debug */ = {
			isa = XCBuildConfiguration;
			baseConfigurationReference = C9914414285D96FE00C59ADE /* Debug.xcconfig */;
			buildSettings = {
				ALWAYS_SEARCH_USER_PATHS = NO;
				CLANG_ANALYZER_LOCALIZABILITY_NONLOCALIZED = YES;
				CLANG_ANALYZER_NONNULL = YES;
				CLANG_ANALYZER_NUMBER_OBJECT_CONVERSION = YES_AGGRESSIVE;
				CLANG_CXX_LANGUAGE_STANDARD = "gnu++17";
				CLANG_ENABLE_MODULES = YES;
				CLANG_ENABLE_OBJC_ARC = YES;
				CLANG_ENABLE_OBJC_WEAK = YES;
				CLANG_WARN_BLOCK_CAPTURE_AUTORELEASING = YES;
				CLANG_WARN_BOOL_CONVERSION = YES;
				CLANG_WARN_COMMA = YES;
				CLANG_WARN_CONSTANT_CONVERSION = YES;
				CLANG_WARN_DEPRECATED_OBJC_IMPLEMENTATIONS = YES;
				CLANG_WARN_DIRECT_OBJC_ISA_USAGE = YES_ERROR;
				CLANG_WARN_DOCUMENTATION_COMMENTS = YES;
				CLANG_WARN_EMPTY_BODY = YES;
				CLANG_WARN_ENUM_CONVERSION = YES;
				CLANG_WARN_INFINITE_RECURSION = YES;
				CLANG_WARN_INT_CONVERSION = YES;
				CLANG_WARN_NON_LITERAL_NULL_CONVERSION = YES;
				CLANG_WARN_OBJC_IMPLICIT_RETAIN_SELF = YES;
				CLANG_WARN_OBJC_LITERAL_CONVERSION = YES;
				CLANG_WARN_OBJC_ROOT_CLASS = YES_ERROR;
				CLANG_WARN_QUOTED_INCLUDE_IN_FRAMEWORK_HEADER = YES;
				CLANG_WARN_RANGE_LOOP_ANALYSIS = YES;
				CLANG_WARN_STRICT_PROTOTYPES = YES;
				CLANG_WARN_SUSPICIOUS_MOVE = YES;
				CLANG_WARN_UNGUARDED_AVAILABILITY = YES_AGGRESSIVE;
				CLANG_WARN_UNREACHABLE_CODE = YES;
				CLANG_WARN__DUPLICATE_METHOD_MATCH = YES;
				COPY_PHASE_STRIP = NO;
				DEBUG_INFORMATION_FORMAT = dwarf;
				ENABLE_STRICT_OBJC_MSGSEND = YES;
				ENABLE_TESTABILITY = YES;
				GCC_C_LANGUAGE_STANDARD = gnu11;
				GCC_DYNAMIC_NO_PIC = NO;
				GCC_NO_COMMON_BLOCKS = YES;
				GCC_OPTIMIZATION_LEVEL = 0;
				GCC_PREPROCESSOR_DEFINITIONS = (
					"DEBUG=1",
					"$(inherited)",
				);
				GCC_WARN_64_TO_32_BIT_CONVERSION = YES;
				GCC_WARN_ABOUT_RETURN_TYPE = YES_ERROR;
				GCC_WARN_UNDECLARED_SELECTOR = YES;
				GCC_WARN_UNINITIALIZED_AUTOS = YES_AGGRESSIVE;
				GCC_WARN_UNUSED_FUNCTION = YES;
				GCC_WARN_UNUSED_VARIABLE = YES;
				IPHONEOS_DEPLOYMENT_TARGET = 15.5;
				MTL_ENABLE_DEBUG_INFO = INCLUDE_SOURCE;
				MTL_FAST_MATH = YES;
				ONLY_ACTIVE_ARCH = YES;
				SDKROOT = iphoneos;
				SWIFT_ACTIVE_COMPILATION_CONDITIONS = DEBUG;
				SWIFT_OPTIMIZATION_LEVEL = "-Onone";
			};
			name = Debug;
		};
		C9F03729285C4CB40063B355 /* Release */ = {
			isa = XCBuildConfiguration;
			baseConfigurationReference = C9914411285D96E500C59ADE /* Release.xcconfig */;
			buildSettings = {
				ALWAYS_SEARCH_USER_PATHS = NO;
				CLANG_ANALYZER_LOCALIZABILITY_NONLOCALIZED = YES;
				CLANG_ANALYZER_NONNULL = YES;
				CLANG_ANALYZER_NUMBER_OBJECT_CONVERSION = YES_AGGRESSIVE;
				CLANG_CXX_LANGUAGE_STANDARD = "gnu++17";
				CLANG_ENABLE_MODULES = YES;
				CLANG_ENABLE_OBJC_ARC = YES;
				CLANG_ENABLE_OBJC_WEAK = YES;
				CLANG_WARN_BLOCK_CAPTURE_AUTORELEASING = YES;
				CLANG_WARN_BOOL_CONVERSION = YES;
				CLANG_WARN_COMMA = YES;
				CLANG_WARN_CONSTANT_CONVERSION = YES;
				CLANG_WARN_DEPRECATED_OBJC_IMPLEMENTATIONS = YES;
				CLANG_WARN_DIRECT_OBJC_ISA_USAGE = YES_ERROR;
				CLANG_WARN_DOCUMENTATION_COMMENTS = YES;
				CLANG_WARN_EMPTY_BODY = YES;
				CLANG_WARN_ENUM_CONVERSION = YES;
				CLANG_WARN_INFINITE_RECURSION = YES;
				CLANG_WARN_INT_CONVERSION = YES;
				CLANG_WARN_NON_LITERAL_NULL_CONVERSION = YES;
				CLANG_WARN_OBJC_IMPLICIT_RETAIN_SELF = YES;
				CLANG_WARN_OBJC_LITERAL_CONVERSION = YES;
				CLANG_WARN_OBJC_ROOT_CLASS = YES_ERROR;
				CLANG_WARN_QUOTED_INCLUDE_IN_FRAMEWORK_HEADER = YES;
				CLANG_WARN_RANGE_LOOP_ANALYSIS = YES;
				CLANG_WARN_STRICT_PROTOTYPES = YES;
				CLANG_WARN_SUSPICIOUS_MOVE = YES;
				CLANG_WARN_UNGUARDED_AVAILABILITY = YES_AGGRESSIVE;
				CLANG_WARN_UNREACHABLE_CODE = YES;
				CLANG_WARN__DUPLICATE_METHOD_MATCH = YES;
				COPY_PHASE_STRIP = NO;
				DEBUG_INFORMATION_FORMAT = "dwarf-with-dsym";
				ENABLE_NS_ASSERTIONS = NO;
				ENABLE_STRICT_OBJC_MSGSEND = YES;
				GCC_C_LANGUAGE_STANDARD = gnu11;
				GCC_NO_COMMON_BLOCKS = YES;
				GCC_WARN_64_TO_32_BIT_CONVERSION = YES;
				GCC_WARN_ABOUT_RETURN_TYPE = YES_ERROR;
				GCC_WARN_UNDECLARED_SELECTOR = YES;
				GCC_WARN_UNINITIALIZED_AUTOS = YES_AGGRESSIVE;
				GCC_WARN_UNUSED_FUNCTION = YES;
				GCC_WARN_UNUSED_VARIABLE = YES;
				IPHONEOS_DEPLOYMENT_TARGET = 15.5;
				MTL_ENABLE_DEBUG_INFO = NO;
				MTL_FAST_MATH = YES;
				SDKROOT = iphoneos;
				SWIFT_COMPILATION_MODE = wholemodule;
				SWIFT_OPTIMIZATION_LEVEL = "-O";
				VALIDATE_PRODUCT = YES;
			};
			name = Release;
		};
		C9F0372B285C4CB40063B355 /* Debug */ = {
			isa = XCBuildConfiguration;
			buildSettings = {
				ASSETCATALOG_COMPILER_APPICON_NAME = AppIcon;
				ASSETCATALOG_COMPILER_GLOBAL_ACCENT_COLOR_NAME = AccentColor;
				CODE_SIGN_STYLE = Automatic;
				CURRENT_PROJECT_VERSION = 1;
				GENERATE_INFOPLIST_FILE = YES;
				INFOPLIST_FILE = "expense management/Info.plist";
				INFOPLIST_KEY_CFBundleDisplayName = Money;
				INFOPLIST_KEY_UIApplicationSupportsIndirectInputEvents = YES;
				INFOPLIST_KEY_UILaunchStoryboardName = LaunchScreen;
				INFOPLIST_KEY_UIMainStoryboardFile = Main;
				INFOPLIST_KEY_UISupportedInterfaceOrientations_iPad = "UIInterfaceOrientationPortrait UIInterfaceOrientationPortraitUpsideDown UIInterfaceOrientationLandscapeLeft UIInterfaceOrientationLandscapeRight";
				INFOPLIST_KEY_UISupportedInterfaceOrientations_iPhone = "UIInterfaceOrientationPortrait UIInterfaceOrientationLandscapeLeft UIInterfaceOrientationLandscapeRight";
				LD_RUNPATH_SEARCH_PATHS = (
					"$(inherited)",
					"@executable_path/Frameworks",
				);
				MARKETING_VERSION = 1.0;
				PRODUCT_BUNDLE_IDENTIFIER = "com.quanticheart.expense-management";
				PRODUCT_NAME = "$(TARGET_NAME)";
				SWIFT_EMIT_LOC_STRINGS = YES;
				SWIFT_VERSION = 5.0;
				TARGETED_DEVICE_FAMILY = "1,2";
			};
			name = Debug;
		};
		C9F0372C285C4CB40063B355 /* Release */ = {
			isa = XCBuildConfiguration;
			buildSettings = {
				ASSETCATALOG_COMPILER_APPICON_NAME = AppIcon;
				ASSETCATALOG_COMPILER_GLOBAL_ACCENT_COLOR_NAME = AccentColor;
				CODE_SIGN_STYLE = Automatic;
				CURRENT_PROJECT_VERSION = 1;
				GENERATE_INFOPLIST_FILE = YES;
				INFOPLIST_FILE = "expense management/Info.plist";
				INFOPLIST_KEY_CFBundleDisplayName = Money;
				INFOPLIST_KEY_UIApplicationSupportsIndirectInputEvents = YES;
				INFOPLIST_KEY_UILaunchStoryboardName = LaunchScreen;
				INFOPLIST_KEY_UIMainStoryboardFile = Main;
				INFOPLIST_KEY_UISupportedInterfaceOrientations_iPad = "UIInterfaceOrientationPortrait UIInterfaceOrientationPortraitUpsideDown UIInterfaceOrientationLandscapeLeft UIInterfaceOrientationLandscapeRight";
				INFOPLIST_KEY_UISupportedInterfaceOrientations_iPhone = "UIInterfaceOrientationPortrait UIInterfaceOrientationLandscapeLeft UIInterfaceOrientationLandscapeRight";
				LD_RUNPATH_SEARCH_PATHS = (
					"$(inherited)",
					"@executable_path/Frameworks",
				);
				MARKETING_VERSION = 1.0;
				PRODUCT_BUNDLE_IDENTIFIER = "com.quanticheart.expense-management";
				PRODUCT_NAME = "$(TARGET_NAME)";
				SWIFT_EMIT_LOC_STRINGS = YES;
				SWIFT_VERSION = 5.0;
				TARGETED_DEVICE_FAMILY = "1,2";
			};
			name = Release;
		};
/* End XCBuildConfiguration section */

/* Begin XCConfigurationList section */
		C991440C285D576300C59ADE /* Build configuration list for PBXNativeTarget "Debug" */ = {
			isa = XCConfigurationList;
			buildConfigurations = (
				C991440D285D576300C59ADE /* Debug */,
				C991440E285D576300C59ADE /* Release */,
			);
			defaultConfigurationIsVisible = 0;
			defaultConfigurationName = Debug;
		};
		C9F0370E285C4CA90063B355 /* Build configuration list for PBXProject "expense management" */ = {
			isa = XCConfigurationList;
			buildConfigurations = (
				C9F03728285C4CB40063B355 /* Debug */,
				C9F03729285C4CB40063B355 /* Release */,
			);
			defaultConfigurationIsVisible = 0;
			defaultConfigurationName = Debug;
		};
		C9F0372A285C4CB40063B355 /* Build configuration list for PBXNativeTarget "Release" */ = {
			isa = XCConfigurationList;
			buildConfigurations = (
				C9F0372B285C4CB40063B355 /* Debug */,
				C9F0372C285C4CB40063B355 /* Release */,
			);
			defaultConfigurationIsVisible = 0;
			defaultConfigurationName = Debug;
		};
/* End XCConfigurationList section */

/* Begin XCVersionGroup section */
		C9F0371F285C4CA90063B355 /* expense_management.xcdatamodeld */ = {
			isa = XCVersionGroup;
			children = (
				C9F03720285C4CA90063B355 /* expense_management.xcdatamodel */,
			);
			currentVersion = C9F03720285C4CA90063B355 /* expense_management.xcdatamodel */;
			path = expense_management.xcdatamodeld;
			sourceTree = "<group>";
			versionGroupType = wrapper.xcdatamodel;
		};
/* End XCVersionGroup section */
	};
	rootObject = C9F0370B285C4CA90063B355 /* Project object */;
}
